github.com/mdempsky/gocode v0.0.0-20200405233807-4acdcbdea79d h1:P8ngpzttYTqLj67Xt66V+2o5C53fGhXvkbqwFXMFvVI=
github.com/mdempsky/gocode v0.0.0-20200405233807-4acdcbdea79d/go.mod h1:hltEC42XzfMNgg0S1v6JTywwra2Mu6F6cLR03debVQ8=
github.com/skip2/go-qrcode v0.0.0-20200617195104-da1b6568686e h1:MRM5ITcdelLK2j1vwZ3Je0FKVCfqOLp5zO6trqMLYs0=
github.com/skip2/go-qrcode v0.0.0-20200617195104-da1b6568686e/go.mod h1:XV66xRDqSt+GTGFMVlhk3ULuV0y9ZmzeVGR4mloJI3M=
golang.org/x/tools v0.1.11 h1:loJ25fNOEhSXfHrpoGj91eCUThwdNX6u24rO1xnNteY=
golang.org/x/tools v0.1.11/go.mod h1:SgwaegtQh8clINPpECJMqnxLv9I09HLqnW3RMqW0CA4=
